
Microsoft Visual Studio Solution File, Format Version 12.00
# Visual Studio 14
VisualStudioVersion = 14.0.23107.0
MinimumVisualStudioVersion = 10.0.40219.1
Project("{FAE04EC0-301F-11D3-BF4B-00C04F79EFBC}") = "Eventr", "Eventr\Eventr\Eventr.csproj", "{43CB4D70-C3C5-454D-8D82-CF91D74F4C05}"
EndProject
Project("{FAE04EC0-301F-11D3-BF4B-00C04F79EFBC}") = "Eventr.Droid", "Eventr\Eventr.Droid\Eventr.Droid.csproj", "{A81B49E1-04D6-48C7-BBAD-35DB6873BEC3}"
EndProject
Project("{FAE04EC0-301F-11D3-BF4B-00C04F79EFBC}") = "Eventr.iOS", "Eventr\Eventr.iOS\Eventr.iOS.csproj", "{EB0509A2-0C49-4E02-8EEA-0F93C83D4A36}"
EndProject
Global
	GlobalSection(SolutionConfigurationPlatforms) = preSolution
		Ad-Hoc|Any CPU = Ad-Hoc|Any CPU
		Ad-Hoc|iPhone = Ad-Hoc|iPhone
		Ad-Hoc|iPhoneSimulator = Ad-Hoc|iPhoneSimulator
		AppStore|Any CPU = AppStore|Any CPU
		AppStore|iPhone = AppStore|iPhone
		AppStore|iPhoneSimulator = AppStore|iPhoneSimulator
		Debug|Any CPU = Debug|Any CPU
		Debug|iPhone = Debug|iPhone
		Debug|iPhoneSimulator = Debug|iPhoneSimulator
		Release|Any CPU = Release|Any CPU
		Release|iPhone = Release|iPhone
		Release|iPhoneSimulator = Release|iPhoneSimulator
	EndGlobalSection
	GlobalSection(ProjectConfigurationPlatforms) = postSolution
		{43CB4D70-C3C5-454D-8D82-CF91D74F4C05}.Ad-Hoc|Any CPU.ActiveCfg = Release|Any CPU
		{43CB4D70-C3C5-454D-8D82-CF91D74F4C05}.Ad-Hoc|Any CPU.Build.0 = Release|Any CPU
		{43CB4D70-C3C5-454D-8D82-CF91D74F4C05}.Ad-Hoc|iPhone.ActiveCfg = Release|Any CPU
		{43CB4D70-C3C5-454D-8D82-CF91D74F4C05}.Ad-Hoc|iPhone.Build.0 = Release|Any CPU
		{43CB4D70-C3C5-454D-8D82-CF91D74F4C05}.Ad-Hoc|iPhoneSimulator.ActiveCfg = Release|Any CPU
		{43CB4D70-C3C5-454D-8D82-CF91D74F4C05}.Ad-Hoc|iPhoneSimulator.Build.0 = Release|Any CPU
		{43CB4D70-C3C5-454D-8D82-CF91D74F4C05}.AppStore|Any CPU.ActiveCfg = Release|Any CPU
		{43CB4D70-C3C5-454D-8D82-CF91D74F4C05}.AppStore|Any CPU.Build.0 = Release|Any CPU
		{43CB4D70-C3C5-454D-8D82-CF91D74F4C05}.AppStore|iPhone.ActiveCfg = Release|Any CPU
		{43CB4D70-C3C5-454D-8D82-CF91D74F4C05}.AppStore|iPhone.Build.0 = Release|Any CPU
		{43CB4D70-C3C5-454D-8D82-CF91D74F4C05}.AppStore|iPhoneSimulator.ActiveCfg = Release|Any CPU
		{43CB4D70-C3C5-454D-8D82-CF91D74F4C05}.AppStore|iPhoneSimulator.Build.0 = Release|Any CPU
		{43CB4D70-C3C5-454D-8D82-CF91D74F4C05}.Debug|Any CPU.ActiveCfg = Debug|Any CPU
		{43CB4D70-C3C5-454D-8D82-CF91D74F4C05}.Debug|Any CPU.Build.0 = Debug|Any CPU
		{43CB4D70-C3C5-454D-8D82-CF91D74F4C05}.Debug|iPhone.ActiveCfg = Debug|Any CPU
		{43CB4D70-C3C5-454D-8D82-CF91D74F4C05}.Debug|iPhone.Build.0 = Debug|Any CPU
		{43CB4D70-C3C5-454D-8D82-CF91D74F4C05}.Debug|iPhoneSimulator.ActiveCfg = Debug|Any CPU
		{43CB4D70-C3C5-454D-8D82-CF91D74F4C05}.Debug|iPhoneSimulator.Build.0 = Debug|Any CPU
		{43CB4D70-C3C5-454D-8D82-CF91D74F4C05}.Release|Any CPU.ActiveCfg = Release|Any CPU
		{43CB4D70-C3C5-454D-8D82-CF91D74F4C05}.Release|Any CPU.Build.0 = Release|Any CPU
		{43CB4D70-C3C5-454D-8D82-CF91D74F4C05}.Release|iPhone.ActiveCfg = Release|Any CPU
		{43CB4D70-C3C5-454D-8D82-CF91D74F4C05}.Release|iPhone.Build.0 = Release|Any CPU
		{43CB4D70-C3C5-454D-8D82-CF91D74F4C05}.Release|iPhoneSimulator.ActiveCfg = Release|Any CPU
		{43CB4D70-C3C5-454D-8D82-CF91D74F4C05}.Release|iPhoneSimulator.Build.0 = Release|Any CPU
		{A81B49E1-04D6-48C7-BBAD-35DB6873BEC3}.Ad-Hoc|Any CPU.ActiveCfg = Release|Any CPU
		{A81B49E1-04D6-48C7-BBAD-35DB6873BEC3}.Ad-Hoc|Any CPU.Build.0 = Release|Any CPU
		{A81B49E1-04D6-48C7-BBAD-35DB6873BEC3}.Ad-Hoc|Any CPU.Deploy.0 = Release|Any CPU
		{A81B49E1-04D6-48C7-BBAD-35DB6873BEC3}.Ad-Hoc|iPhone.ActiveCfg = Release|Any CPU
		{A81B49E1-04D6-48C7-BBAD-35DB6873BEC3}.Ad-Hoc|iPhone.Build.0 = Release|Any CPU
		{A81B49E1-04D6-48C7-BBAD-35DB6873BEC3}.Ad-Hoc|iPhone.Deploy.0 = Release|Any CPU
		{A81B49E1-04D6-48C7-BBAD-35DB6873BEC3}.Ad-Hoc|iPhoneSimulator.ActiveCfg = Release|Any CPU
		{A81B49E1-04D6-48C7-BBAD-35DB6873BEC3}.Ad-Hoc|iPhoneSimulator.Build.0 = Release|Any CPU
		{A81B49E1-04D6-48C7-BBAD-35DB6873BEC3}.Ad-Hoc|iPhoneSimulator.Deploy.0 = Release|Any CPU
		{A81B49E1-04D6-48C7-BBAD-35DB6873BEC3}.AppStore|Any CPU.ActiveCfg = Release|Any CPU
		{A81B49E1-04D6-48C7-BBAD-35DB6873BEC3}.AppStore|Any CPU.Build.0 = Release|Any CPU
		{A81B49E1-04D6-48C7-BBAD-35DB6873BEC3}.AppStore|Any CPU.Deploy.0 = Release|Any CPU
		{A81B49E1-04D6-48C7-BBAD-35DB6873BEC3}.AppStore|iPhone.ActiveCfg = Release|Any CPU
		{A81B49E1-04D6-48C7-BBAD-35DB6873BEC3}.AppStore|iPhone.Build.0 = Release|Any CPU
		{A81B49E1-04D6-48C7-BBAD-35DB6873BEC3}.AppStore|iPhone.Deploy.0 = Release|Any CPU
		{A81B49E1-04D6-48C7-BBAD-35DB6873BEC3}.AppStore|iPhoneSimulator.ActiveCfg = Release|Any CPU
		{A81B49E1-04D6-48C7-BBAD-35DB6873BEC3}.AppStore|iPhoneSimulator.Build.0 = Release|Any CPU
		{A81B49E1-04D6-48C7-BBAD-35DB6873BEC3}.AppStore|iPhoneSimulator.Deploy.0 = Release|Any CPU
		{A81B49E1-04D6-48C7-BBAD-35DB6873BEC3}.Debug|Any CPU.ActiveCfg = Debug|Any CPU
		{A81B49E1-04D6-48C7-BBAD-35DB6873BEC3}.Debug|Any CPU.Build.0 = Debug|Any CPU
		{A81B49E1-04D6-48C7-BBAD-35DB6873BEC3}.Debug|Any CPU.Deploy.0 = Debug|Any CPU
		{A81B49E1-04D6-48C7-BBAD-35DB6873BEC3}.Debug|iPhone.ActiveCfg = Debug|Any CPU
		{A81B49E1-04D6-48C7-BBAD-35DB6873BEC3}.Debug|iPhone.Build.0 = Debug|Any CPU
		{A81B49E1-04D6-48C7-BBAD-35DB6873BEC3}.Debug|iPhone.Deploy.0 = Debug|Any CPU
		{A81B49E1-04D6-48C7-BBAD-35DB6873BEC3}.Debug|iPhoneSimulator.ActiveCfg = Debug|Any CPU
		{A81B49E1-04D6-48C7-BBAD-35DB6873BEC3}.Debug|iPhoneSimulator.Build.0 = Debug|Any CPU
		{A81B49E1-04D6-48C7-BBAD-35DB6873BEC3}.Debug|iPhoneSimulator.Deploy.0 = Debug|Any CPU
		{A81B49E1-04D6-48C7-BBAD-35DB6873BEC3}.Release|Any CPU.ActiveCfg = Release|Any CPU
		{A81B49E1-04D6-48C7-BBAD-35DB6873BEC3}.Release|Any CPU.Build.0 = Release|Any CPU
		{A81B49E1-04D6-48C7-BBAD-35DB6873BEC3}.Release|Any CPU.Deploy.0 = Release|Any CPU
		{A81B49E1-04D6-48C7-BBAD-35DB6873BEC3}.Release|iPhone.ActiveCfg = Release|Any CPU
		{A81B49E1-04D6-48C7-BBAD-35DB6873BEC3}.Release|iPhone.Build.0 = Release|Any CPU
		{A81B49E1-04D6-48C7-BBAD-35DB6873BEC3}.Release|iPhone.Deploy.0 = Release|Any CPU
		{A81B49E1-04D6-48C7-BBAD-35DB6873BEC3}.Release|iPhoneSimulator.ActiveCfg = Release|Any CPU
		{A81B49E1-04D6-48C7-BBAD-35DB6873BEC3}.Release|iPhoneSimulator.Build.0 = Release|Any CPU
		{A81B49E1-04D6-48C7-BBAD-35DB6873BEC3}.Release|iPhoneSimulator.Deploy.0 = Release|Any CPU
		{EB0509A2-0C49-4E02-8EEA-0F93C83D4A36}.Ad-Hoc|Any CPU.ActiveCfg = Ad-Hoc|iPhone
		{EB0509A2-0C49-4E02-8EEA-0F93C83D4A36}.Ad-Hoc|iPhone.ActiveCfg = Ad-Hoc|iPhone
		{EB0509A2-0C49-4E02-8EEA-0F93C83D4A36}.Ad-Hoc|iPhone.Build.0 = Ad-Hoc|iPhone
		{EB0509A2-0C49-4E02-8EEA-0F93C83D4A36}.Ad-Hoc|iPhoneSimulator.ActiveCfg = Ad-Hoc|iPhoneSimulator
		{EB0509A2-0C49-4E02-8EEA-0F93C83D4A36}.Ad-Hoc|iPhoneSimulator.Build.0 = Ad-Hoc|iPhoneSimulator
		{EB0509A2-0C49-4E02-8EEA-0F93C83D4A36}.AppStore|Any CPU.ActiveCfg = AppStore|iPhone
		{EB0509A2-0C49-4E02-8EEA-0F93C83D4A36}.AppStore|iPhone.ActiveCfg = AppStore|iPhone
		{EB0509A2-0C49-4E02-8EEA-0F93C83D4A36}.AppStore|iPhone.Build.0 = AppStore|iPhone
		{EB0509A2-0C49-4E02-8EEA-0F93C83D4A36}.AppStore|iPhoneSimulator.ActiveCfg = AppStore|iPhoneSimulator
		{EB0509A2-0C49-4E02-8EEA-0F93C83D4A36}.AppStore|iPhoneSimulator.Build.0 = AppStore|iPhoneSimulator
		{EB0509A2-0C49-4E02-8EEA-0F93C83D4A36}.Debug|Any CPU.ActiveCfg = Debug|iPhone
		{EB0509A2-0C49-4E02-8EEA-0F93C83D4A36}.Debug|iPhone.ActiveCfg = Debug|iPhone
		{EB0509A2-0C49-4E02-8EEA-0F93C83D4A36}.Debug|iPhone.Build.0 = Debug|iPhone
		{EB0509A2-0C49-4E02-8EEA-0F93C83D4A36}.Debug|iPhoneSimulator.ActiveCfg = Debug|iPhoneSimulator
		{EB0509A2-0C49-4E02-8EEA-0F93C83D4A36}.Debug|iPhoneSimulator.Build.0 = Debug|iPhoneSimulator
		{EB0509A2-0C49-4E02-8EEA-0F93C83D4A36}.Release|Any CPU.ActiveCfg = Release|iPhone
		{EB0509A2-0C49-4E02-8EEA-0F93C83D4A36}.Release|iPhone.ActiveCfg = Release|iPhone
		{EB0509A2-0C49-4E02-8EEA-0F93C83D4A36}.Release|iPhone.Build.0 = Release|iPhone
		{EB0509A2-0C49-4E02-8EEA-0F93C83D4A36}.Release|iPhoneSimulator.ActiveCfg = Release|iPhoneSimulator
		{EB0509A2-0C49-4E02-8EEA-0F93C83D4A36}.Release|iPhoneSimulator.Build.0 = Release|iPhoneSimulator
	EndGlobalSection
	GlobalSection(SolutionProperties) = preSolution
		HideSolutionNode = FALSE
	EndGlobalSection
EndGlobal
